
Microsoft Visual Studio Solution File, Format Version 12.00
# Visual Studio 15
VisualStudioVersion = 15.0.27130.0
MinimumVisualStudioVersion = 10.0.40219.1
Project("{FAE04EC0-301F-11D3-BF4B-00C04F79EFBC}") = "Dynamics365ConsoleCaller", "Dynamics365ConsoleCaller\Dynamics365ConsoleCaller.csproj", "{03121024-4245-49C5-A9BB-E87DAE16E896}"
EndProject
Global
	GlobalSection(SolutionConfigurationPlatforms) = preSolution
		Debug|Any CPU = Debug|Any CPU
		Release|Any CPU = Release|Any CPU
	EndGlobalSection
	GlobalSection(ProjectConfigurationPlatforms) = postSolution
		{03121024-4245-49C5-A9BB-E87DAE16E896}.Debug|Any CPU.ActiveCfg = Debug|Any CPU
		{03121024-4245-49C5-A9BB-E87DAE16E896}.Debug|Any CPU.Build.0 = Debug|Any CPU
		{03121024-4245-49C5-A9BB-E87DAE16E896}.Release|Any CPU.ActiveCfg = Release|Any CPU
		{03121024-4245-49C5-A9BB-E87DAE16E896}.Release|Any CPU.Build.0 = Release|Any CPU
	EndGlobalSection
	GlobalSection(SolutionProperties) = preSolution
		HideSolutionNode = FALSE
	EndGlobalSection
	GlobalSection(ExtensibilityGlobals) = postSolution
		SolutionGuid = {B7E45FB7-37F2-4E98-B9C8-5CFE72759950}
	EndGlobalSection
EndGlobal
